// !$*UTF8*$!
{
	archiveVersion = 1;
	classes = {
	};
	objectVersion = 56;
	objects = {

/* Begin PBXBuildFile section */
		5D2EE8DCE380DE34FA199D17 /* Pods_AzCommunicationService.framework in Frameworks */ = {isa = PBXBuildFile; fileRef = 18E4FFB835D475CDA84E3FAF /* Pods_AzCommunicationService.framework */; };
		68550E192C5FA7AF007EC661 /* AzCommunicationServiceApp.swift in Sources */ = {isa = PBXBuildFile; fileRef = 68550E182C5FA7AF007EC661 /* AzCommunicationServiceApp.swift */; };
		68550E1B2C5FA7AF007EC661 /* ContentView.swift in Sources */ = {isa = PBXBuildFile; fileRef = 68550E1A2C5FA7AF007EC661 /* ContentView.swift */; };
		68550E1D2C5FA7B1007EC661 /* Assets.xcassets in Resources */ = {isa = PBXBuildFile; fileRef = 68550E1C2C5FA7B1007EC661 /* Assets.xcassets */; };
		68550E202C5FA7B1007EC661 /* Preview Assets.xcassets in Resources */ = {isa = PBXBuildFile; fileRef = 68550E1F2C5FA7B1007EC661 /* Preview Assets.xcassets */; };
/* End PBXBuildFile section */

/* Begin PBXFileReference section */
		18E4FFB835D475CDA84E3FAF /* Pods_AzCommunicationService.framework */ = {isa = PBXFileReference; explicitFileType = wrapper.framework; includeInIndex = 0; path = Pods_AzCommunicationService.framework; sourceTree = BUILT_PRODUCTS_DIR; };
		68550E152C5FA7AF007EC661 /* AzCommunicationService.app */ = {isa = PBXFileReference; explicitFileType = wrapper.application; includeInIndex = 0; path = AzCommunicationService.app; sourceTree = BUILT_PRODUCTS_DIR; };
		68550E182C5FA7AF007EC661 /* AzCommunicationServiceApp.swift */ = {isa = PBXFileReference; lastKnownFileType = sourcecode.swift; path = AzCommunicationServiceApp.swift; sourceTree = "<group>"; };
		68550E1A2C5FA7AF007EC661 /* ContentView.swift */ = {isa = PBXFileReference; lastKnownFileType = sourcecode.swift; path = ContentView.swift; sourceTree = "<group>"; };
		68550E1C2C5FA7B1007EC661 /* Assets.xcassets */ = {isa = PBXFileReference; lastKnownFileType = folder.assetcatalog; path = Assets.xcassets; sourceTree = "<group>"; };
		68550E1F2C5FA7B1007EC661 /* Preview Assets.xcassets */ = {isa = PBXFileReference; lastKnownFileType = folder.assetcatalog; path = "Preview Assets.xcassets"; sourceTree = "<group>"; };
		90EEB1D5107C8784C044DACE /* Pods-AzCommunicationService.release.xcconfig */ = {isa = PBXFileReference; includeInIndex = 1; lastKnownFileType = text.xcconfig; name = "Pods-AzCommunicationService.release.xcconfig"; path = "Target Support Files/Pods-AzCommunicationService/Pods-AzCommunicationService.release.xcconfig"; sourceTree = "<group>"; };
		91E25EDF58A3914EB6DF3F14 /* Pods-AzCommunicationService.debug.xcconfig */ = {isa = PBXFileReference; includeInIndex = 1; lastKnownFileType = text.xcconfig; name = "Pods-AzCommunicationService.debug.xcconfig"; path = "Target Support Files/Pods-AzCommunicationService/Pods-AzCommunicationService.debug.xcconfig"; sourceTree = "<group>"; };
/* End PBXFileReference section */

/* Begin PBXFrameworksBuildPhase section */
		68550E122C5FA7AF007EC661 /* Frameworks */ = {
			isa = PBXFrameworksBuildPhase;
			buildActionMask = 2147483647;
			files = (
				5D2EE8DCE380DE34FA199D17 /* Pods_AzCommunicationService.framework in Frameworks */,
			);
			runOnlyForDeploymentPostprocessing = 0;
		};
/* End PBXFrameworksBuildPhase section */

/* Begin PBXGroup section */
		4720E3D22F0789CABEFD43E3 /* Frameworks */ = {
			isa = PBXGroup;
			children = (
				18E4FFB835D475CDA84E3FAF /* Pods_AzCommunicationService.framework */,
			);
			name = Frameworks;
			sourceTree = "<group>";
		};
		68550E0C2C5FA7AF007EC661 = {
			isa = PBXGroup;
			children = (
				68550E172C5FA7AF007EC661 /* AzCommunicationService */,
				68550E162C5FA7AF007EC661 /* Products */,
				92C58D07FC5E0E6302094CC8 /* Pods */,
				4720E3D22F0789CABEFD43E3 /* Frameworks */,
			);
			sourceTree = "<group>";
		};
		68550E162C5FA7AF007EC661 /* Products */ = {
			isa = PBXGroup;
			children = (
				68550E152C5FA7AF007EC661 /* AzCommunicationService.app */,
			);
			name = Products;
			sourceTree = "<group>";
		};
		68550E172C5FA7AF007EC661 /* AzCommunicationService */ = {
			isa = PBXGroup;
			children = (
				68550E182C5FA7AF007EC661 /* AzCommunicationServiceApp.swift */,
				68550E1A2C5FA7AF007EC661 /* ContentView.swift */,
				68550E1C2C5FA7B1007EC661 /* Assets.xcassets */,
				68550E1E2C5FA7B1007EC661 /* Preview Content */,
			);
			path = AzCommunicationService;
			sourceTree = "<group>";
		};
		68550E1E2C5FA7B1007EC661 /* Preview Content */ = {
			isa = PBXGroup;
			children = (
				68550E1F2C5FA7B1007EC661 /* Preview Assets.xcassets */,
			);
			path = "Preview Content";
			sourceTree = "<group>";
		};
		92C58D07FC5E0E6302094CC8 /* Pods */ = {
			isa = PBXGroup;
			children = (
				91E25EDF58A3914EB6DF3F14 /* Pods-AzCommunicationService.debug.xcconfig */,
				90EEB1D5107C8784C044DACE /* Pods-AzCommunicationService.release.xcconfig */,
			);
			path = Pods;
			sourceTree = "<group>";
		};
/* End PBXGroup section */

/* Begin PBXNativeTarget section */
		68550E142C5FA7AF007EC661 /* AzCommunicationService */ = {
			isa = PBXNativeTarget;
			buildConfigurationList = 68550E232C5FA7B1007EC661 /* Build configuration list for PBXNativeTarget "AzCommunicationService" */;
			buildPhases = (
				AAB4897510040A1228F2EB08 /* [CP] Check Pods Manifest.lock */,
				68550E112C5FA7AF007EC661 /* Sources */,
				68550E122C5FA7AF007EC661 /* Frameworks */,
				68550E132C5FA7AF007EC661 /* Resources */,
				77A3ADD806DCF925CCF40636 /* [CP] Embed Pods Frameworks */,
			);
			buildRules = (
			);
			dependencies = (
			);
			name = AzCommunicationService;
			productName = AzCommunicationService;
			productReference = 68550E152C5FA7AF007EC661 /* AzCommunicationService.app */;
			productType = "com.apple.product-type.application";
		};
/* End PBXNativeTarget section */

/* Begin PBXProject section */
		68550E0D2C5FA7AF007EC661 /* Project object */ = {
			isa = PBXProject;
			attributes = {
				BuildIndependentTargetsInParallel = 1;
				LastSwiftUpdateCheck = 1540;
				LastUpgradeCheck = 1540;
				TargetAttributes = {
					68550E142C5FA7AF007EC661 = {
						CreatedOnToolsVersion = 15.4;
					};
				};
			};
			buildConfigurationList = 68550E102C5FA7AF007EC661 /* Build configuration list for PBXProject "AzCommunicationService" */;
			compatibilityVersion = "Xcode 14.0";
			developmentRegion = en;
			hasScannedForEncodings = 0;
			knownRegions = (
				en,
				Base,
			);
			mainGroup = 68550E0C2C5FA7AF007EC661;
			productRefGroup = 68550E162C5FA7AF007EC661 /* Products */;
			projectDirPath = "";
			projectRoot = "";
			targets = (
				68550E142C5FA7AF007EC661 /* AzCommunicationService */,
			);
		};
/* End PBXProject section */

/* Begin PBXResourcesBuildPhase section */
		68550E132C5FA7AF007EC661 /* Resources */ = {
			isa = PBXResourcesBuildPhase;
			buildActionMask = 2147483647;
			files = (
				68550E202C5FA7B1007EC661 /* Preview Assets.xcassets in Resources */,
				68550E1D2C5FA7B1007EC661 /* Assets.xcassets in Resources */,
			);
			runOnlyForDeploymentPostprocessing = 0;
		};
/* End PBXResourcesBuildPhase section */

/* Begin PBXShellScriptBuildPhase section */
		77A3ADD806DCF925CCF40636 /* [CP] Embed Pods Frameworks */ = {
			isa = PBXShellScriptBuildPhase;
			buildActionMask = 2147483647;
			files = (
			);
			inputFileListPaths = (
				"${PODS_ROOT}/Target Support Files/Pods-AzCommunicationService/Pods-AzCommunicationService-frameworks-${CONFIGURATION}-input-files.xcfilelist",
			);
			name = "[CP] Embed Pods Frameworks";
			outputFileListPaths = (
				"${PODS_ROOT}/Target Support Files/Pods-AzCommunicationService/Pods-AzCommunicationService-frameworks-${CONFIGURATION}-output-files.xcfilelist",
			);
			runOnlyForDeploymentPostprocessing = 0;
			shellPath = /bin/sh;
			shellScript = "\"${PODS_ROOT}/Target Support Files/Pods-AzCommunicationService/Pods-AzCommunicationService-frameworks.sh\"\n";
			showEnvVarsInLog = 0;
		};
		AAB4897510040A1228F2EB08 /* [CP] Check Pods Manifest.lock */ = {
			isa = PBXShellScriptBuildPhase;
			buildActionMask = 2147483647;
			files = (
			);
			inputFileListPaths = (
			);
			inputPaths = (
				"${PODS_PODFILE_DIR_PATH}/Podfile.lock",
				"${PODS_ROOT}/Manifest.lock",
			);
			name = "[CP] Check Pods Manifest.lock";
			outputFileListPaths = (
			);
			outputPaths = (
				"$(DERIVED_FILE_DIR)/Pods-AzCommunicationService-checkManifestLockResult.txt",
			);
			runOnlyForDeploymentPostprocessing = 0;
			shellPath = /bin/sh;
			shellScript = "diff \"${PODS_PODFILE_DIR_PATH}/Podfile.lock\" \"${PODS_ROOT}/Manifest.lock\" > /dev/null\nif [ $? != 0 ] ; then\n    # print error to STDERR\n    echo \"error: The sandbox is not in sync with the Podfile.lock. Run 'pod install' or update your CocoaPods installation.\" >&2\n    exit 1\nfi\n# This output is used by Xcode 'outputs' to avoid re-running this script phase.\necho \"SUCCESS\" > \"${SCRIPT_OUTPUT_FILE_0}\"\n";
			showEnvVarsInLog = 0;
		};
/* End PBXShellScriptBuildPhase section */

/* Begin PBXSourcesBuildPhase section */
		68550E112C5FA7AF007EC661 /* Sources */ = {
			isa = PBXSourcesBuildPhase;
			buildActionMask = 2147483647;
			files = (
				68550E1B2C5FA7AF007EC661 /* ContentView.swift in Sources */,
				68550E192C5FA7AF007EC661 /* AzCommunicationServiceApp.swift in Sources */,
			);
			runOnlyForDeploymentPostprocessing = 0;
		};
/* End PBXSourcesBuildPhase section */

/* Begin XCBuildConfiguration section */
		68550E212C5FA7B1007EC661 /* Debug */ = {
			isa = XCBuildConfiguration;
			buildSettings = {
				ALWAYS_SEARCH_USER_PATHS = NO;
				ASSETCATALOG_COMPILER_GENERATE_SWIFT_ASSET_SYMBOL_EXTENSIONS = YES;
				CLANG_ANALYZER_NONNULL = YES;
				CLANG_ANALYZER_NUMBER_OBJECT_CONVERSION = YES_AGGRESSIVE;
				CLANG_CXX_LANGUAGE_STANDARD = "gnu++20";
				CLANG_ENABLE_MODULES = YES;
				CLANG_ENABLE_OBJC_ARC = YES;
				CLANG_ENABLE_OBJC_WEAK = YES;
				CLANG_WARN_BLOCK_CAPTURE_AUTORELEASING = YES;
				CLANG_WARN_BOOL_CONVERSION = YES;
				CLANG_WARN_COMMA = YES;
				CLANG_WARN_CONSTANT_CONVERSION = YES;
				CLANG_WARN_DEPRECATED_OBJC_IMPLEMENTATIONS = YES;
				CLANG_WARN_DIRECT_OBJC_ISA_USAGE = YES_ERROR;
				CLANG_WARN_DOCUMENTATION_COMMENTS = YES;
				CLANG_WARN_EMPTY_BODY = YES;
				CLANG_WARN_ENUM_CONVERSION = YES;
				CLANG_WARN_INFINITE_RECURSION = YES;
				CLANG_WARN_INT_CONVERSION = YES;
				CLANG_WARN_NON_LITERAL_NULL_CONVERSION = YES;
				CLANG_WARN_OBJC_IMPLICIT_RETAIN_SELF = YES;
				CLANG_WARN_OBJC_LITERAL_CONVERSION = YES;
				CLANG_WARN_OBJC_ROOT_CLASS = YES_ERROR;
				CLANG_WARN_QUOTED_INCLUDE_IN_FRAMEWORK_HEADER = YES;
				CLANG_WARN_RANGE_LOOP_ANALYSIS = YES;
				CLANG_WARN_STRICT_PROTOTYPES = YES;
				CLANG_WARN_SUSPICIOUS_MOVE = YES;
				CLANG_WARN_UNGUARDED_AVAILABILITY = YES_AGGRESSIVE;
				CLANG_WARN_UNREACHABLE_CODE = YES;
				CLANG_WARN__DUPLICATE_METHOD_MATCH = YES;
				COPY_PHASE_STRIP = NO;
				DEBUG_INFORMATION_FORMAT = dwarf;
				ENABLE_STRICT_OBJC_MSGSEND = YES;
				ENABLE_TESTABILITY = YES;
				ENABLE_USER_SCRIPT_SANDBOXING = NO;
				GCC_C_LANGUAGE_STANDARD = gnu17;
				GCC_DYNAMIC_NO_PIC = NO;
				GCC_NO_COMMON_BLOCKS = YES;
				GCC_OPTIMIZATION_LEVEL = 0;
				GCC_PREPROCESSOR_DEFINITIONS = (
					"DEBUG=1",
					"$(inherited)",
				);
				GCC_WARN_64_TO_32_BIT_CONVERSION = YES;
				GCC_WARN_ABOUT_RETURN_TYPE = YES_ERROR;
				GCC_WARN_UNDECLARED_SELECTOR = YES;
				GCC_WARN_UNINITIALIZED_AUTOS = YES_AGGRESSIVE;
				GCC_WARN_UNUSED_FUNCTION = YES;
				GCC_WARN_UNUSED_VARIABLE = YES;
				IPHONEOS_DEPLOYMENT_TARGET = 17.5;
				LOCALIZATION_PREFERS_STRING_CATALOGS = YES;
				MTL_ENABLE_DEBUG_INFO = INCLUDE_SOURCE;
				MTL_FAST_MATH = YES;
				ONLY_ACTIVE_ARCH = YES;
				SDKROOT = iphoneos;
				SWIFT_ACTIVE_COMPILATION_CONDITIONS = "DEBUG $(inherited)";
				SWIFT_OPTIMIZATION_LEVEL = "-Onone";
			};
			name = Debug;
		};
		68550E222C5FA7B1007EC661 /* Release */ = {
			isa = XCBuildConfiguration;
			buildSettings = {
				ALWAYS_SEARCH_USER_PATHS = NO;
				ASSETCATALOG_COMPILER_GENERATE_SWIFT_ASSET_SYMBOL_EXTENSIONS = YES;
				CLANG_ANALYZER_NONNULL = YES;
				CLANG_ANALYZER_NUMBER_OBJECT_CONVERSION = YES_AGGRESSIVE;
				CLANG_CXX_LANGUAGE_STANDARD = "gnu++20";
				CLANG_ENABLE_MODULES = YES;
				CLANG_ENABLE_OBJC_ARC = YES;
				CLANG_ENABLE_OBJC_WEAK = YES;
				CLANG_WARN_BLOCK_CAPTURE_AUTORELEASING = YES;
				CLANG_WARN_BOOL_CONVERSION = YES;
				CLANG_WARN_COMMA = YES;
				CLANG_WARN_CONSTANT_CONVERSION = YES;
				CLANG_WARN_DEPRECATED_OBJC_IMPLEMENTATIONS = YES;
				CLANG_WARN_DIRECT_OBJC_ISA_USAGE = YES_ERROR;
				CLANG_WARN_DOCUMENTATION_COMMENTS = YES;
				CLANG_WARN_EMPTY_BODY = YES;
				CLANG_WARN_ENUM_CONVERSION = YES;
				CLANG_WARN_INFINITE_RECURSION = YES;
				CLANG_WARN_INT_CONVERSION = YES;
				CLANG_WARN_NON_LITERAL_NULL_CONVERSION = YES;
				CLANG_WARN_OBJC_IMPLICIT_RETAIN_SELF = YES;
				CLANG_WARN_OBJC_LITERAL_CONVERSION = YES;
				CLANG_WARN_OBJC_ROOT_CLASS = YES_ERROR;
				CLANG_WARN_QUOTED_INCLUDE_IN_FRAMEWORK_HEADER = YES;
				CLANG_WARN_RANGE_LOOP_ANALYSIS = YES;
				CLANG_WARN_STRICT_PROTOTYPES = YES;
				CLANG_WARN_SUSPICIOUS_MOVE = YES;
				CLANG_WARN_UNGUARDED_AVAILABILITY = YES_AGGRESSIVE;
				CLANG_WARN_UNREACHABLE_CODE = YES;
				CLANG_WARN__DUPLICATE_METHOD_MATCH = YES;
				COPY_PHASE_STRIP = NO;
				DEBUG_INFORMATION_FORMAT = "dwarf-with-dsym";
				ENABLE_NS_ASSERTIONS = NO;
				ENABLE_STRICT_OBJC_MSGSEND = YES;
				ENABLE_USER_SCRIPT_SANDBOXING = NO;
				GCC_C_LANGUAGE_STANDARD = gnu17;
				GCC_NO_COMMON_BLOCKS = YES;
				GCC_WARN_64_TO_32_BIT_CONVERSION = YES;
				GCC_WARN_ABOUT_RETURN_TYPE = YES_ERROR;
				GCC_WARN_UNDECLARED_SELECTOR = YES;
				GCC_WARN_UNINITIALIZED_AUTOS = YES_AGGRESSIVE;
				GCC_WARN_UNUSED_FUNCTION = YES;
				GCC_WARN_UNUSED_VARIABLE = YES;
				IPHONEOS_DEPLOYMENT_TARGET = 17.5;
				LOCALIZATION_PREFERS_STRING_CATALOGS = YES;
				MTL_ENABLE_DEBUG_INFO = NO;
				MTL_FAST_MATH = YES;
				SDKROOT = iphoneos;
				SWIFT_COMPILATION_MODE = wholemodule;
				VALIDATE_PRODUCT = YES;
			};
			name = Release;
		};
		68550E242C5FA7B1007EC661 /* Debug */ = {
			isa = XCBuildConfiguration;
			baseConfigurationReference = 91E25EDF58A3914EB6DF3F14 /* Pods-AzCommunicationService.debug.xcconfig */;
			buildSettings = {
				ASSETCATALOG_COMPILER_APPICON_NAME = AppIcon;
				ASSETCATALOG_COMPILER_GLOBAL_ACCENT_COLOR_NAME = AccentColor;
				CODE_SIGN_STYLE = Automatic;
				CURRENT_PROJECT_VERSION = 1;
				DEVELOPMENT_ASSET_PATHS = "\"AzCommunicationService/Preview Content\"";
				DEVELOPMENT_TEAM = 54L66DHDVH;
				ENABLE_PREVIEWS = YES;
				GENERATE_INFOPLIST_FILE = YES;
				INFOPLIST_KEY_NSCameraUsageDescription = "Need camera access for video calling.";
				INFOPLIST_KEY_NSMicrophoneUsageDescription = "Need microphone access for VOIP calling.";
				INFOPLIST_KEY_UIApplicationSceneManifest_Generation = YES;
				INFOPLIST_KEY_UIApplicationSupportsIndirectInputEvents = YES;
				INFOPLIST_KEY_UILaunchScreen_Generation = YES;
				INFOPLIST_KEY_UISupportedInterfaceOrientations_iPad = "UIInterfaceOrientationPortrait UIInterfaceOrientationPortraitUpsideDown UIInterfaceOrientationLandscapeLeft UIInterfaceOrientationLandscapeRight";
				INFOPLIST_KEY_UISupportedInterfaceOrientations_iPhone = "UIInterfaceOrientationPortrait UIInterfaceOrientationLandscapeLeft UIInterfaceOrientationLandscapeRight";
				LD_RUNPATH_SEARCH_PATHS = (
					"$(inherited)",
					"@executable_path/Frameworks",
				);
				MARKETING_VERSION = 1.0;
				PRODUCT_BUNDLE_IDENTIFIER = com.mohsinaliayub.AzCommunicationService;
				PRODUCT_NAME = "$(TARGET_NAME)";
				SWIFT_EMIT_LOC_STRINGS = YES;
				SWIFT_VERSION = 5.0;
				TARGETED_DEVICE_FAMILY = "1,2";
			};
			name = Debug;
		};
		68550E252C5FA7B1007EC661 /* Release */ = {
			isa = XCBuildConfiguration;
			baseConfigurationReference = 90EEB1D5107C8784C044DACE /* Pods-AzCommunicationService.release.xcconfig */;
			buildSettings = {
				ASSETCATALOG_COMPILER_APPICON_NAME = AppIcon;
				ASSETCATALOG_COMPILER_GLOBAL_ACCENT_COLOR_NAME = AccentColor;
				CODE_SIGN_STYLE = Automatic;
				CURRENT_PROJECT_VERSION = 1;
				DEVELOPMENT_ASSET_PATHS = "\"AzCommunicationService/Preview Content\"";
				DEVELOPMENT_TEAM = 54L66DHDVH;
				ENABLE_PREVIEWS = YES;
				GENERATE_INFOPLIST_FILE = YES;
				INFOPLIST_KEY_NSCameraUsageDescription = "Need camera access for video calling.";
				INFOPLIST_KEY_NSMicrophoneUsageDescription = "Need microphone access for VOIP calling.";
				INFOPLIST_KEY_UIApplicationSceneManifest_Generation = YES;
				INFOPLIST_KEY_UIApplicationSupportsIndirectInputEvents = YES;
				INFOPLIST_KEY_UILaunchScreen_Generation = YES;
				INFOPLIST_KEY_UISupportedInterfaceOrientations_iPad = "UIInterfaceOrientationPortrait UIInterfaceOrientationPortraitUpsideDown UIInterfaceOrientationLandscapeLeft UIInterfaceOrientationLandscapeRight";
				INFOPLIST_KEY_UISupportedInterfaceOrientations_iPhone = "UIInterfaceOrientationPortrait UIInterfaceOrientationLandscapeLeft UIInterfaceOrientationLandscapeRight";
				LD_RUNPATH_SEARCH_PATHS = (
					"$(inherited)",
					"@executable_path/Frameworks",
				);
				MARKETING_VERSION = 1.0;
				PRODUCT_BUNDLE_IDENTIFIER = com.mohsinaliayub.AzCommunicationService;
				PRODUCT_NAME = "$(TARGET_NAME)";
				SWIFT_EMIT_LOC_STRINGS = YES;
				SWIFT_VERSION = 5.0;
				TARGETED_DEVICE_FAMILY = "1,2";
			};
			name = Release;
		};
/* End XCBuildConfiguration section */

/* Begin XCConfigurationList section */
		68550E102C5FA7AF007EC661 /* Build configuration list for PBXProject "AzCommunicationService" */ = {
			isa = XCConfigurationList;
			buildConfigurations = (
				68550E212C5FA7B1007EC661 /* Debug */,
				68550E222C5FA7B1007EC661 /* Release */,
			);
			defaultConfigurationIsVisible = 0;
			defaultConfigurationName = Release;
		};
		68550E232C5FA7B1007EC661 /* Build configuration list for PBXNativeTarget "AzCommunicationService" */ = {
			isa = XCConfigurationList;
			buildConfigurations = (
				68550E242C5FA7B1007EC661 /* Debug */,
				68550E252C5FA7B1007EC661 /* Release */,
			);
			defaultConfigurationIsVisible = 0;
			defaultConfigurationName = Release;
		};
/* End XCConfigurationList section */
	};
	rootObject = 68550E0D2C5FA7AF007EC661 /* Project object */;
}
